
Microsoft Visual Studio Solution File, Format Version 12.00
# Visual Studio 2012
Project("{8BC9CEB8-8B4A-11D0-8D11-00A0C91BC942}") = "Framework", "Framework\Framework.vcxproj", "{C3757126-9272-4C5D-A910-457A6A987816}"
EndProject
Project("{8BC9CEB8-8B4A-11D0-8D11-00A0C91BC942}") = "Test", "Test\Test.vcxproj", "{8AD8C2BB-C710-4797-8823-847D52EB70E9}"
	ProjectSection(ProjectDependencies) = postProject
		{C3757126-9272-4C5D-A910-457A6A987816} = {C3757126-9272-4C5D-A910-457A6A987816}
	EndProjectSection
EndProject
Project("{2150E333-8FDC-42A3-9474-1A3956D46DE8}") = "Solution Items", "Solution Items", "{4C38D9F6-0FCD-4F2B-B3E5-31B11FD9EED8}"
	ProjectSection(SolutionItems) = preProject
		shaders\Default Shaders\3DPlane.frag = shaders\Default Shaders\3DPlane.frag
		shaders\Default Shaders\3DPlane.vert = shaders\Default Shaders\3DPlane.vert
		shaders\Default Shaders\BitmapFont.frag = shaders\Default Shaders\BitmapFont.frag
		shaders\Default Shaders\BitmapFont.vert = shaders\Default Shaders\BitmapFont.vert
		shaders\Default Shaders\CompShader.frag = shaders\Default Shaders\CompShader.frag
		shaders\Default Shaders\CompShader.vert = shaders\Default Shaders\CompShader.vert
		shaders\Default Shaders\LightPass.frag = shaders\Default Shaders\LightPass.frag
		shaders\Default Shaders\LightPass.vert = shaders\Default Shaders\LightPass.vert
		shaders\Default Shaders\LightPasss.frag = shaders\Default Shaders\LightPasss.frag
		shaders\Default Shaders\LightPasss.vert = shaders\Default Shaders\LightPasss.vert
		shaders\Default Shaders\lines.frag = shaders\Default Shaders\lines.frag
		shaders\Default Shaders\lines.vert = shaders\Default Shaders\lines.vert
		shaders\Default Shaders\marchingCubes.frag = shaders\Default Shaders\marchingCubes.frag
		shaders\Default Shaders\marchingCubes.geom = shaders\Default Shaders\marchingCubes.geom
		shaders\Default Shaders\marchingCubes.vert = shaders\Default Shaders\marchingCubes.vert
		shaders\Default Shaders\Model.frag = shaders\Default Shaders\Model.frag
		shaders\Default Shaders\Model.vert = shaders\Default Shaders\Model.vert
		shaders\Default Shaders\ShadowMap.frag = shaders\Default Shaders\ShadowMap.frag
		shaders\Default Shaders\ShadowMap.vert = shaders\Default Shaders\ShadowMap.vert
		shaders\Default Shaders\simple.frag = shaders\Default Shaders\simple.frag
		shaders\Default Shaders\simple.vert = shaders\Default Shaders\simple.vert
		shaders\Default Shaders\Terrain.cont = shaders\Default Shaders\Terrain.cont
		shaders\Default Shaders\Terrain.eval = shaders\Default Shaders\Terrain.eval
		shaders\Default Shaders\Terrain.frag = shaders\Default Shaders\Terrain.frag
		shaders\Default Shaders\Terrain.vert = shaders\Default Shaders\Terrain.vert
		shaders\Default Shaders\TerrainGen.frag = shaders\Default Shaders\TerrainGen.frag
		shaders\Default Shaders\TerrainGen.vert = shaders\Default Shaders\TerrainGen.vert
		shaders\Default Shaders\water.cont = shaders\Default Shaders\water.cont
		shaders\Default Shaders\water.eval = shaders\Default Shaders\water.eval
		shaders\Default Shaders\water.frag = shaders\Default Shaders\water.frag
		shaders\Default Shaders\water.vert = shaders\Default Shaders\water.vert
	EndProjectSection
EndProject
Global
	GlobalSection(SolutionConfigurationPlatforms) = preSolution
		Debug Test|Win32 = Debug Test|Win32
		Debug|Win32 = Debug|Win32
		Release|Win32 = Release|Win32
	EndGlobalSection
	GlobalSection(ProjectConfigurationPlatforms) = postSolution
		{C3757126-9272-4C5D-A910-457A6A987816}.Debug Test|Win32.ActiveCfg = Debug|Win32
		{C3757126-9272-4C5D-A910-457A6A987816}.Debug Test|Win32.Build.0 = Debug|Win32
		{C3757126-9272-4C5D-A910-457A6A987816}.Debug|Win32.ActiveCfg = Debug|Win32
		{C3757126-9272-4C5D-A910-457A6A987816}.Debug|Win32.Build.0 = Debug|Win32
		{C3757126-9272-4C5D-A910-457A6A987816}.Release|Win32.ActiveCfg = Release|Win32
		{C3757126-9272-4C5D-A910-457A6A987816}.Release|Win32.Build.0 = Release|Win32
		{8AD8C2BB-C710-4797-8823-847D52EB70E9}.Debug Test|Win32.ActiveCfg = Debug|Win32
		{8AD8C2BB-C710-4797-8823-847D52EB70E9}.Debug Test|Win32.Build.0 = Debug|Win32
		{8AD8C2BB-C710-4797-8823-847D52EB70E9}.Debug|Win32.ActiveCfg = Debug|Win32
		{8AD8C2BB-C710-4797-8823-847D52EB70E9}.Debug|Win32.Build.0 = Debug|Win32
		{8AD8C2BB-C710-4797-8823-847D52EB70E9}.Release|Win32.ActiveCfg = Release|Win32
		{8AD8C2BB-C710-4797-8823-847D52EB70E9}.Release|Win32.Build.0 = Release|Win32
	EndGlobalSection
	GlobalSection(SolutionProperties) = preSolution
		HideSolutionNode = FALSE
	EndGlobalSection
EndGlobal
